// !$*UTF8*$!
{
	archiveVersion = 1;
	classes = {
	};
	objectVersion = 56;
	objects = {

/* Begin PBXBuildFile section */
		5637A8162AD5DD72000586DF /* WalkyCamApp.swift in Sources */ = {isa = PBXBuildFile; fileRef = 5637A8152AD5DD72000586DF /* WalkyCamApp.swift */; };
		5637A81A2AD5DD73000586DF /* Assets.xcassets in Resources */ = {isa = PBXBuildFile; fileRef = 5637A8192AD5DD73000586DF /* Assets.xcassets */; };
		5637A8272AD5DD74000586DF /* WalkyCamTests.swift in Sources */ = {isa = PBXBuildFile; fileRef = 5637A8262AD5DD74000586DF /* WalkyCamTests.swift */; };
		5637A8312AD5DD74000586DF /* WalkyCamUITests.swift in Sources */ = {isa = PBXBuildFile; fileRef = 5637A8302AD5DD74000586DF /* WalkyCamUITests.swift */; };
		5637A8332AD5DD74000586DF /* WalkyCamUITestsLaunchTests.swift in Sources */ = {isa = PBXBuildFile; fileRef = 5637A8322AD5DD74000586DF /* WalkyCamUITestsLaunchTests.swift */; };
		56DADB202AD5EA7200710618 /* AppNavigatorProtocol.swift in Sources */ = {isa = PBXBuildFile; fileRef = 56DADB1F2AD5EA7200710618 /* AppNavigatorProtocol.swift */; };
		56DADB222AD5EAA400710618 /* AppNavigator.swift in Sources */ = {isa = PBXBuildFile; fileRef = 56DADB212AD5EAA400710618 /* AppNavigator.swift */; };
		56DADB242AD5EB3800710618 /* AppDelegate.swift in Sources */ = {isa = PBXBuildFile; fileRef = 56DADB232AD5EB3800710618 /* AppDelegate.swift */; };
		56DADB272AD5ECE200710618 /* AppDelegate+DependencyRegistration.swift in Sources */ = {isa = PBXBuildFile; fileRef = 56DADB262AD5ECE200710618 /* AppDelegate+DependencyRegistration.swift */; };
/* End PBXBuildFile section */

/* Begin PBXContainerItemProxy section */
		5637A8232AD5DD74000586DF /* PBXContainerItemProxy */ = {
			isa = PBXContainerItemProxy;
			containerPortal = 5637A80A2AD5DD72000586DF /* Project object */;
			proxyType = 1;
			remoteGlobalIDString = 5637A8112AD5DD72000586DF;
			remoteInfo = WalkyCam;
		};
		5637A82D2AD5DD74000586DF /* PBXContainerItemProxy */ = {
			isa = PBXContainerItemProxy;
			containerPortal = 5637A80A2AD5DD72000586DF /* Project object */;
			proxyType = 1;
			remoteGlobalIDString = 5637A8112AD5DD72000586DF;
			remoteInfo = WalkyCam;
		};
/* End PBXContainerItemProxy section */

/* Begin PBXFileReference section */
		5637A8122AD5DD72000586DF /* WalkyCam.app */ = {isa = PBXFileReference; explicitFileType = wrapper.application; includeInIndex = 0; path = WalkyCam.app; sourceTree = BUILT_PRODUCTS_DIR; };
		5637A8152AD5DD72000586DF /* WalkyCamApp.swift */ = {isa = PBXFileReference; lastKnownFileType = sourcecode.swift; path = WalkyCamApp.swift; sourceTree = "<group>"; };
		5637A8192AD5DD73000586DF /* Assets.xcassets */ = {isa = PBXFileReference; lastKnownFileType = folder.assetcatalog; path = Assets.xcassets; sourceTree = "<group>"; };
		5637A8222AD5DD74000586DF /* WalkyCamTests.xctest */ = {isa = PBXFileReference; explicitFileType = wrapper.cfbundle; includeInIndex = 0; path = WalkyCamTests.xctest; sourceTree = BUILT_PRODUCTS_DIR; };
		5637A8262AD5DD74000586DF /* WalkyCamTests.swift */ = {isa = PBXFileReference; lastKnownFileType = sourcecode.swift; path = WalkyCamTests.swift; sourceTree = "<group>"; };
		5637A82C2AD5DD74000586DF /* WalkyCamUITests.xctest */ = {isa = PBXFileReference; explicitFileType = wrapper.cfbundle; includeInIndex = 0; path = WalkyCamUITests.xctest; sourceTree = BUILT_PRODUCTS_DIR; };
		5637A8302AD5DD74000586DF /* WalkyCamUITests.swift */ = {isa = PBXFileReference; lastKnownFileType = sourcecode.swift; path = WalkyCamUITests.swift; sourceTree = "<group>"; };
		5637A8322AD5DD74000586DF /* WalkyCamUITestsLaunchTests.swift */ = {isa = PBXFileReference; lastKnownFileType = sourcecode.swift; path = WalkyCamUITestsLaunchTests.swift; sourceTree = "<group>"; };
		56DADB1F2AD5EA7200710618 /* AppNavigatorProtocol.swift */ = {isa = PBXFileReference; lastKnownFileType = sourcecode.swift; path = AppNavigatorProtocol.swift; sourceTree = "<group>"; };
		56DADB212AD5EAA400710618 /* AppNavigator.swift */ = {isa = PBXFileReference; lastKnownFileType = sourcecode.swift; path = AppNavigator.swift; sourceTree = "<group>"; };
		56DADB232AD5EB3800710618 /* AppDelegate.swift */ = {isa = PBXFileReference; lastKnownFileType = sourcecode.swift; path = AppDelegate.swift; sourceTree = "<group>"; };
		56DADB262AD5ECE200710618 /* AppDelegate+DependencyRegistration.swift */ = {isa = PBXFileReference; lastKnownFileType = sourcecode.swift; path = "AppDelegate+DependencyRegistration.swift"; sourceTree = "<group>"; };
/* End PBXFileReference section */

/* Begin PBXFrameworksBuildPhase section */
		5637A80F2AD5DD72000586DF /* Frameworks */ = {
			isa = PBXFrameworksBuildPhase;
			buildActionMask = 2147483647;
			files = (
			);
			runOnlyForDeploymentPostprocessing = 0;
		};
		5637A81F2AD5DD74000586DF /* Frameworks */ = {
			isa = PBXFrameworksBuildPhase;
			buildActionMask = 2147483647;
			files = (
			);
			runOnlyForDeploymentPostprocessing = 0;
		};
		5637A8292AD5DD74000586DF /* Frameworks */ = {
			isa = PBXFrameworksBuildPhase;
			buildActionMask = 2147483647;
			files = (
			);
			runOnlyForDeploymentPostprocessing = 0;
		};
/* End PBXFrameworksBuildPhase section */

/* Begin PBXGroup section */
		5637A8092AD5DD71000586DF = {
			isa = PBXGroup;
			children = (
				56DADB1D2AD5EA3400710618 /* Main */,
				5637A8142AD5DD72000586DF /* Resources */,
				5637A8252AD5DD74000586DF /* WalkyCamTests */,
				5637A82F2AD5DD74000586DF /* WalkyCamUITests */,
				5637A8132AD5DD72000586DF /* Products */,
			);
			sourceTree = "<group>";
		};
		5637A8132AD5DD72000586DF /* Products */ = {
			isa = PBXGroup;
			children = (
				5637A8122AD5DD72000586DF /* WalkyCam.app */,
				5637A8222AD5DD74000586DF /* WalkyCamTests.xctest */,
				5637A82C2AD5DD74000586DF /* WalkyCamUITests.xctest */,
			);
			name = Products;
			sourceTree = "<group>";
		};
		5637A8142AD5DD72000586DF /* Resources */ = {
			isa = PBXGroup;
			children = (
				5637A8192AD5DD73000586DF /* Assets.xcassets */,
			);
			path = Resources;
			sourceTree = "<group>";
		};
		5637A8252AD5DD74000586DF /* WalkyCamTests */ = {
			isa = PBXGroup;
			children = (
				5637A8262AD5DD74000586DF /* WalkyCamTests.swift */,
			);
			path = WalkyCamTests;
			sourceTree = "<group>";
		};
		5637A82F2AD5DD74000586DF /* WalkyCamUITests */ = {
			isa = PBXGroup;
			children = (
				5637A8302AD5DD74000586DF /* WalkyCamUITests.swift */,
				5637A8322AD5DD74000586DF /* WalkyCamUITestsLaunchTests.swift */,
			);
			path = WalkyCamUITests;
			sourceTree = "<group>";
		};
		56DADB1D2AD5EA3400710618 /* Main */ = {
			isa = PBXGroup;
			children = (
				5637A8152AD5DD72000586DF /* WalkyCamApp.swift */,
				56DADB252AD5ECB900710618 /* Extension */,
				56DADB1E2AD5EA6000710618 /* AppNavigator */,
				56DADB232AD5EB3800710618 /* AppDelegate.swift */,
			);
			path = Main;
			sourceTree = "<group>";
		};
		56DADB1E2AD5EA6000710618 /* AppNavigator */ = {
			isa = PBXGroup;
			children = (
				56DADB1F2AD5EA7200710618 /* AppNavigatorProtocol.swift */,
				56DADB212AD5EAA400710618 /* AppNavigator.swift */,
			);
			path = AppNavigator;
			sourceTree = "<group>";
		};
		56DADB252AD5ECB900710618 /* Extension */ = {
			isa = PBXGroup;
			children = (
				56DADB262AD5ECE200710618 /* AppDelegate+DependencyRegistration.swift */,
			);
			path = Extension;
			sourceTree = "<group>";
		};
/* End PBXGroup section */

/* Begin PBXNativeTarget section */
		5637A8112AD5DD72000586DF /* WalkyCam */ = {
			isa = PBXNativeTarget;
			buildConfigurationList = 5637A8362AD5DD74000586DF /* Build configuration list for PBXNativeTarget "WalkyCam" */;
			buildPhases = (
				5637A80E2AD5DD72000586DF /* Sources */,
				5637A80F2AD5DD72000586DF /* Frameworks */,
				5637A8102AD5DD72000586DF /* Resources */,
			);
			buildRules = (
			);
			dependencies = (
			);
			name = WalkyCam;
			productName = WalkyCam;
			productReference = 5637A8122AD5DD72000586DF /* WalkyCam.app */;
			productType = "com.apple.product-type.application";
		};
		5637A8212AD5DD74000586DF /* WalkyCamTests */ = {
			isa = PBXNativeTarget;
			buildConfigurationList = 5637A8392AD5DD74000586DF /* Build configuration list for PBXNativeTarget "WalkyCamTests" */;
			buildPhases = (
				5637A81E2AD5DD74000586DF /* Sources */,
				5637A81F2AD5DD74000586DF /* Frameworks */,
				5637A8202AD5DD74000586DF /* Resources */,
			);
			buildRules = (
			);
			dependencies = (
				5637A8242AD5DD74000586DF /* PBXTargetDependency */,
			);
			name = WalkyCamTests;
			productName = WalkyCamTests;
			productReference = 5637A8222AD5DD74000586DF /* WalkyCamTests.xctest */;
			productType = "com.apple.product-type.bundle.unit-test";
		};
		5637A82B2AD5DD74000586DF /* WalkyCamUITests */ = {
			isa = PBXNativeTarget;
			buildConfigurationList = 5637A83C2AD5DD74000586DF /* Build configuration list for PBXNativeTarget "WalkyCamUITests" */;
			buildPhases = (
				5637A8282AD5DD74000586DF /* Sources */,
				5637A8292AD5DD74000586DF /* Frameworks */,
				5637A82A2AD5DD74000586DF /* Resources */,
			);
			buildRules = (
			);
			dependencies = (
				5637A82E2AD5DD74000586DF /* PBXTargetDependency */,
			);
			name = WalkyCamUITests;
			productName = WalkyCamUITests;
			productReference = 5637A82C2AD5DD74000586DF /* WalkyCamUITests.xctest */;
			productType = "com.apple.product-type.bundle.ui-testing";
		};
/* End PBXNativeTarget section */

/* Begin PBXProject section */
		5637A80A2AD5DD72000586DF /* Project object */ = {
			isa = PBXProject;
			attributes = {
				BuildIndependentTargetsInParallel = 1;
				LastSwiftUpdateCheck = 1430;
				LastUpgradeCheck = 1430;
				TargetAttributes = {
					5637A8112AD5DD72000586DF = {
						CreatedOnToolsVersion = 14.3.1;
					};
					5637A8212AD5DD74000586DF = {
						CreatedOnToolsVersion = 14.3.1;
						TestTargetID = 5637A8112AD5DD72000586DF;
					};
					5637A82B2AD5DD74000586DF = {
						CreatedOnToolsVersion = 14.3.1;
						TestTargetID = 5637A8112AD5DD72000586DF;
					};
				};
			};
			buildConfigurationList = 5637A80D2AD5DD72000586DF /* Build configuration list for PBXProject "WalkyCam" */;
			compatibilityVersion = "Xcode 14.0";
			developmentRegion = en;
			hasScannedForEncodings = 0;
			knownRegions = (
				en,
				Base,
			);
			mainGroup = 5637A8092AD5DD71000586DF;
			productRefGroup = 5637A8132AD5DD72000586DF /* Products */;
			projectDirPath = "";
			projectRoot = "";
			targets = (
				5637A8112AD5DD72000586DF /* WalkyCam */,
				5637A8212AD5DD74000586DF /* WalkyCamTests */,
				5637A82B2AD5DD74000586DF /* WalkyCamUITests */,
			);
		};
/* End PBXProject section */

/* Begin PBXResourcesBuildPhase section */
		5637A8102AD5DD72000586DF /* Resources */ = {
			isa = PBXResourcesBuildPhase;
			buildActionMask = 2147483647;
			files = (
				5637A81A2AD5DD73000586DF /* Assets.xcassets in Resources */,
			);
			runOnlyForDeploymentPostprocessing = 0;
		};
		5637A8202AD5DD74000586DF /* Resources */ = {
			isa = PBXResourcesBuildPhase;
			buildActionMask = 2147483647;
			files = (
			);
			runOnlyForDeploymentPostprocessing = 0;
		};
		5637A82A2AD5DD74000586DF /* Resources */ = {
			isa = PBXResourcesBuildPhase;
			buildActionMask = 2147483647;
			files = (
			);
			runOnlyForDeploymentPostprocessing = 0;
		};
/* End PBXResourcesBuildPhase section */

/* Begin PBXSourcesBuildPhase section */
		5637A80E2AD5DD72000586DF /* Sources */ = {
			isa = PBXSourcesBuildPhase;
			buildActionMask = 2147483647;
			files = (
				56DADB242AD5EB3800710618 /* AppDelegate.swift in Sources */,
				56DADB222AD5EAA400710618 /* AppNavigator.swift in Sources */,
				56DADB202AD5EA7200710618 /* AppNavigatorProtocol.swift in Sources */,
				56DADB272AD5ECE200710618 /* AppDelegate+DependencyRegistration.swift in Sources */,
				5637A8162AD5DD72000586DF /* WalkyCamApp.swift in Sources */,
			);
			runOnlyForDeploymentPostprocessing = 0;
		};
		5637A81E2AD5DD74000586DF /* Sources */ = {
			isa = PBXSourcesBuildPhase;
			buildActionMask = 2147483647;
			files = (
				5637A8272AD5DD74000586DF /* WalkyCamTests.swift in Sources */,
			);
			runOnlyForDeploymentPostprocessing = 0;
		};
		5637A8282AD5DD74000586DF /* Sources */ = {
			isa = PBXSourcesBuildPhase;
			buildActionMask = 2147483647;
			files = (
				5637A8332AD5DD74000586DF /* WalkyCamUITestsLaunchTests.swift in Sources */,
				5637A8312AD5DD74000586DF /* WalkyCamUITests.swift in Sources */,
			);
			runOnlyForDeploymentPostprocessing = 0;
		};
/* End PBXSourcesBuildPhase section */

/* Begin PBXTargetDependency section */
		5637A8242AD5DD74000586DF /* PBXTargetDependency */ = {
			isa = PBXTargetDependency;
			target = 5637A8112AD5DD72000586DF /* WalkyCam */;
			targetProxy = 5637A8232AD5DD74000586DF /* PBXContainerItemProxy */;
		};
		5637A82E2AD5DD74000586DF /* PBXTargetDependency */ = {
			isa = PBXTargetDependency;
			target = 5637A8112AD5DD72000586DF /* WalkyCam */;
			targetProxy = 5637A82D2AD5DD74000586DF /* PBXContainerItemProxy */;
		};
/* End PBXTargetDependency section */

/* Begin XCBuildConfiguration section */
		5637A8342AD5DD74000586DF /* Debug */ = {
			isa = XCBuildConfiguration;
			buildSettings = {
				ALWAYS_SEARCH_USER_PATHS = NO;
				CLANG_ANALYZER_NONNULL = YES;
				CLANG_ANALYZER_NUMBER_OBJECT_CONVERSION = YES_AGGRESSIVE;
				CLANG_CXX_LANGUAGE_STANDARD = "gnu++20";
				CLANG_ENABLE_MODULES = YES;
				CLANG_ENABLE_OBJC_ARC = YES;
				CLANG_ENABLE_OBJC_WEAK = YES;
				CLANG_WARN_BLOCK_CAPTURE_AUTORELEASING = YES;
				CLANG_WARN_BOOL_CONVERSION = YES;
				CLANG_WARN_COMMA = YES;
				CLANG_WARN_CONSTANT_CONVERSION = YES;
				CLANG_WARN_DEPRECATED_OBJC_IMPLEMENTATIONS = YES;
				CLANG_WARN_DIRECT_OBJC_ISA_USAGE = YES_ERROR;
				CLANG_WARN_DOCUMENTATION_COMMENTS = YES;
				CLANG_WARN_EMPTY_BODY = YES;
				CLANG_WARN_ENUM_CONVERSION = YES;
				CLANG_WARN_INFINITE_RECURSION = YES;
				CLANG_WARN_INT_CONVERSION = YES;
				CLANG_WARN_NON_LITERAL_NULL_CONVERSION = YES;
				CLANG_WARN_OBJC_IMPLICIT_RETAIN_SELF = YES;
				CLANG_WARN_OBJC_LITERAL_CONVERSION = YES;
				CLANG_WARN_OBJC_ROOT_CLASS = YES_ERROR;
				CLANG_WARN_QUOTED_INCLUDE_IN_FRAMEWORK_HEADER = YES;
				CLANG_WARN_RANGE_LOOP_ANALYSIS = YES;
				CLANG_WARN_STRICT_PROTOTYPES = YES;
				CLANG_WARN_SUSPICIOUS_MOVE = YES;
				CLANG_WARN_UNGUARDED_AVAILABILITY = YES_AGGRESSIVE;
				CLANG_WARN_UNREACHABLE_CODE = YES;
				CLANG_WARN__DUPLICATE_METHOD_MATCH = YES;
				COPY_PHASE_STRIP = NO;
				DEBUG_INFORMATION_FORMAT = dwarf;
				ENABLE_STRICT_OBJC_MSGSEND = YES;
				ENABLE_TESTABILITY = YES;
				GCC_C_LANGUAGE_STANDARD = gnu11;
				GCC_DYNAMIC_NO_PIC = NO;
				GCC_NO_COMMON_BLOCKS = YES;
				GCC_OPTIMIZATION_LEVEL = 0;
				GCC_PREPROCESSOR_DEFINITIONS = (
					"DEBUG=1",
					"$(inherited)",
				);
				GCC_WARN_64_TO_32_BIT_CONVERSION = YES;
				GCC_WARN_ABOUT_RETURN_TYPE = YES_ERROR;
				GCC_WARN_UNDECLARED_SELECTOR = YES;
				GCC_WARN_UNINITIALIZED_AUTOS = YES_AGGRESSIVE;
				GCC_WARN_UNUSED_FUNCTION = YES;
				GCC_WARN_UNUSED_VARIABLE = YES;
				IPHONEOS_DEPLOYMENT_TARGET = 16.4;
				MTL_ENABLE_DEBUG_INFO = INCLUDE_SOURCE;
				MTL_FAST_MATH = YES;
				ONLY_ACTIVE_ARCH = YES;
				SDKROOT = iphoneos;
				SWIFT_ACTIVE_COMPILATION_CONDITIONS = DEBUG;
				SWIFT_OPTIMIZATION_LEVEL = "-Onone";
			};
			name = Debug;
		};
		5637A8352AD5DD74000586DF /* Release */ = {
			isa = XCBuildConfiguration;
			buildSettings = {
				ALWAYS_SEARCH_USER_PATHS = NO;
				CLANG_ANALYZER_NONNULL = YES;
				CLANG_ANALYZER_NUMBER_OBJECT_CONVERSION = YES_AGGRESSIVE;
				CLANG_CXX_LANGUAGE_STANDARD = "gnu++20";
				CLANG_ENABLE_MODULES = YES;
				CLANG_ENABLE_OBJC_ARC = YES;
				CLANG_ENABLE_OBJC_WEAK = YES;
				CLANG_WARN_BLOCK_CAPTURE_AUTORELEASING = YES;
				CLANG_WARN_BOOL_CONVERSION = YES;
				CLANG_WARN_COMMA = YES;
				CLANG_WARN_CONSTANT_CONVERSION = YES;
				CLANG_WARN_DEPRECATED_OBJC_IMPLEMENTATIONS = YES;
				CLANG_WARN_DIRECT_OBJC_ISA_USAGE = YES_ERROR;
				CLANG_WARN_DOCUMENTATION_COMMENTS = YES;
				CLANG_WARN_EMPTY_BODY = YES;
				CLANG_WARN_ENUM_CONVERSION = YES;
				CLANG_WARN_INFINITE_RECURSION = YES;
				CLANG_WARN_INT_CONVERSION = YES;
				CLANG_WARN_NON_LITERAL_NULL_CONVERSION = YES;
				CLANG_WARN_OBJC_IMPLICIT_RETAIN_SELF = YES;
				CLANG_WARN_OBJC_LITERAL_CONVERSION = YES;
				CLANG_WARN_OBJC_ROOT_CLASS = YES_ERROR;
				CLANG_WARN_QUOTED_INCLUDE_IN_FRAMEWORK_HEADER = YES;
				CLANG_WARN_RANGE_LOOP_ANALYSIS = YES;
				CLANG_WARN_STRICT_PROTOTYPES = YES;
				CLANG_WARN_SUSPICIOUS_MOVE = YES;
				CLANG_WARN_UNGUARDED_AVAILABILITY = YES_AGGRESSIVE;
				CLANG_WARN_UNREACHABLE_CODE = YES;
				CLANG_WARN__DUPLICATE_METHOD_MATCH = YES;
				COPY_PHASE_STRIP = NO;
				DEBUG_INFORMATION_FORMAT = "dwarf-with-dsym";
				ENABLE_NS_ASSERTIONS = NO;
				ENABLE_STRICT_OBJC_MSGSEND = YES;
				GCC_C_LANGUAGE_STANDARD = gnu11;
				GCC_NO_COMMON_BLOCKS = YES;
				GCC_WARN_64_TO_32_BIT_CONVERSION = YES;
				GCC_WARN_ABOUT_RETURN_TYPE = YES_ERROR;
				GCC_WARN_UNDECLARED_SELECTOR = YES;
				GCC_WARN_UNINITIALIZED_AUTOS = YES_AGGRESSIVE;
				GCC_WARN_UNUSED_FUNCTION = YES;
				GCC_WARN_UNUSED_VARIABLE = YES;
				IPHONEOS_DEPLOYMENT_TARGET = 16.4;
				MTL_ENABLE_DEBUG_INFO = NO;
				MTL_FAST_MATH = YES;
				SDKROOT = iphoneos;
				SWIFT_COMPILATION_MODE = wholemodule;
				SWIFT_OPTIMIZATION_LEVEL = "-O";
				VALIDATE_PRODUCT = YES;
			};
			name = Release;
		};
		5637A8372AD5DD74000586DF /* Debug */ = {
			isa = XCBuildConfiguration;
			buildSettings = {
				ASSETCATALOG_COMPILER_APPICON_NAME = AppIcon;
				ASSETCATALOG_COMPILER_GLOBAL_ACCENT_COLOR_NAME = AccentColor;
				CODE_SIGN_STYLE = Automatic;
				CURRENT_PROJECT_VERSION = 1;
				DEVELOPMENT_ASSET_PATHS = "\"WalkyCam/Preview Content\"";
				DEVELOPMENT_TEAM = 7994PXZY59;
				ENABLE_PREVIEWS = YES;
				GENERATE_INFOPLIST_FILE = YES;
				INFOPLIST_KEY_UIApplicationSceneManifest_Generation = YES;
				INFOPLIST_KEY_UIApplicationSupportsIndirectInputEvents = YES;
				INFOPLIST_KEY_UILaunchScreen_Generation = YES;
				INFOPLIST_KEY_UISupportedInterfaceOrientations_iPad = "UIInterfaceOrientationPortrait UIInterfaceOrientationPortraitUpsideDown UIInterfaceOrientationLandscapeLeft UIInterfaceOrientationLandscapeRight";
				INFOPLIST_KEY_UISupportedInterfaceOrientations_iPhone = "UIInterfaceOrientationPortrait UIInterfaceOrientationLandscapeLeft UIInterfaceOrientationLandscapeRight";
				LD_RUNPATH_SEARCH_PATHS = (
					"$(inherited)",
					"@executable_path/Frameworks",
				);
				MARKETING_VERSION = 1.0;
				PRODUCT_BUNDLE_IDENTIFIER = com.walkycam.WalkyCam;
				PRODUCT_NAME = "$(TARGET_NAME)";
				SWIFT_EMIT_LOC_STRINGS = YES;
				SWIFT_VERSION = 5.0;
				TARGETED_DEVICE_FAMILY = "1,2";
			};
			name = Debug;
		};
		5637A8382AD5DD74000586DF /* Release */ = {
			isa = XCBuildConfiguration;
			buildSettings = {
				ASSETCATALOG_COMPILER_APPICON_NAME = AppIcon;
				ASSETCATALOG_COMPILER_GLOBAL_ACCENT_COLOR_NAME = AccentColor;
				CODE_SIGN_STYLE = Automatic;
				CURRENT_PROJECT_VERSION = 1;
				DEVELOPMENT_ASSET_PATHS = "\"WalkyCam/Preview Content\"";
				DEVELOPMENT_TEAM = 7994PXZY59;
				ENABLE_PREVIEWS = YES;
				GENERATE_INFOPLIST_FILE = YES;
				INFOPLIST_KEY_UIApplicationSceneManifest_Generation = YES;
				INFOPLIST_KEY_UIApplicationSupportsIndirectInputEvents = YES;
				INFOPLIST_KEY_UILaunchScreen_Generation = YES;
				INFOPLIST_KEY_UISupportedInterfaceOrientations_iPad = "UIInterfaceOrientationPortrait UIInterfaceOrientationPortraitUpsideDown UIInterfaceOrientationLandscapeLeft UIInterfaceOrientationLandscapeRight";
				INFOPLIST_KEY_UISupportedInterfaceOrientations_iPhone = "UIInterfaceOrientationPortrait UIInterfaceOrientationLandscapeLeft UIInterfaceOrientationLandscapeRight";
				LD_RUNPATH_SEARCH_PATHS = (
					"$(inherited)",
					"@executable_path/Frameworks",
				);
				MARKETING_VERSION = 1.0;
				PRODUCT_BUNDLE_IDENTIFIER = com.walkycam.WalkyCam;
				PRODUCT_NAME = "$(TARGET_NAME)";
				SWIFT_EMIT_LOC_STRINGS = YES;
				SWIFT_VERSION = 5.0;
				TARGETED_DEVICE_FAMILY = "1,2";
			};
			name = Release;
		};
		5637A83A2AD5DD74000586DF /* Debug */ = {
			isa = XCBuildConfiguration;
			buildSettings = {
				ALWAYS_EMBED_SWIFT_STANDARD_LIBRARIES = YES;
				BUNDLE_LOADER = "$(TEST_HOST)";
				CODE_SIGN_STYLE = Automatic;
				CURRENT_PROJECT_VERSION = 1;
				DEVELOPMENT_TEAM = 7994PXZY59;
				GENERATE_INFOPLIST_FILE = YES;
				IPHONEOS_DEPLOYMENT_TARGET = 16.4;
				MARKETING_VERSION = 1.0;
				PRODUCT_BUNDLE_IDENTIFIER = com.walkycam.WalkyCamTests;
				PRODUCT_NAME = "$(TARGET_NAME)";
				SWIFT_EMIT_LOC_STRINGS = NO;
				SWIFT_VERSION = 5.0;
				TARGETED_DEVICE_FAMILY = "1,2";
				TEST_HOST = "$(BUILT_PRODUCTS_DIR)/WalkyCam.app/$(BUNDLE_EXECUTABLE_FOLDER_PATH)/WalkyCam";
			};
			name = Debug;
		};
		5637A83B2AD5DD74000586DF /* Release */ = {
			isa = XCBuildConfiguration;
			buildSettings = {
				ALWAYS_EMBED_SWIFT_STANDARD_LIBRARIES = YES;
				BUNDLE_LOADER = "$(TEST_HOST)";
				CODE_SIGN_STYLE = Automatic;
				CURRENT_PROJECT_VERSION = 1;
				DEVELOPMENT_TEAM = 7994PXZY59;
				GENERATE_INFOPLIST_FILE = YES;
				IPHONEOS_DEPLOYMENT_TARGET = 16.4;
				MARKETING_VERSION = 1.0;
				PRODUCT_BUNDLE_IDENTIFIER = com.walkycam.WalkyCamTests;
				PRODUCT_NAME = "$(TARGET_NAME)";
				SWIFT_EMIT_LOC_STRINGS = NO;
				SWIFT_VERSION = 5.0;
				TARGETED_DEVICE_FAMILY = "1,2";
				TEST_HOST = "$(BUILT_PRODUCTS_DIR)/WalkyCam.app/$(BUNDLE_EXECUTABLE_FOLDER_PATH)/WalkyCam";
			};
			name = Release;
		};
		5637A83D2AD5DD74000586DF /* Debug */ = {
			isa = XCBuildConfiguration;
			buildSettings = {
				ALWAYS_EMBED_SWIFT_STANDARD_LIBRARIES = YES;
				CODE_SIGN_STYLE = Automatic;
				CURRENT_PROJECT_VERSION = 1;
				DEVELOPMENT_TEAM = 7994PXZY59;
				GENERATE_INFOPLIST_FILE = YES;
				MARKETING_VERSION = 1.0;
				PRODUCT_BUNDLE_IDENTIFIER = com.walkycam.WalkyCamUITests;
				PRODUCT_NAME = "$(TARGET_NAME)";
				SWIFT_EMIT_LOC_STRINGS = NO;
				SWIFT_VERSION = 5.0;
				TARGETED_DEVICE_FAMILY = "1,2";
				TEST_TARGET_NAME = WalkyCam;
			};
			name = Debug;
		};
		5637A83E2AD5DD74000586DF /* Release */ = {
			isa = XCBuildConfiguration;
			buildSettings = {
				ALWAYS_EMBED_SWIFT_STANDARD_LIBRARIES = YES;
				CODE_SIGN_STYLE = Automatic;
				CURRENT_PROJECT_VERSION = 1;
				DEVELOPMENT_TEAM = 7994PXZY59;
				GENERATE_INFOPLIST_FILE = YES;
				MARKETING_VERSION = 1.0;
				PRODUCT_BUNDLE_IDENTIFIER = com.walkycam.WalkyCamUITests;
				PRODUCT_NAME = "$(TARGET_NAME)";
				SWIFT_EMIT_LOC_STRINGS = NO;
				SWIFT_VERSION = 5.0;
				TARGETED_DEVICE_FAMILY = "1,2";
				TEST_TARGET_NAME = WalkyCam;
			};
			name = Release;
		};
/* End XCBuildConfiguration section */

/* Begin XCConfigurationList section */
		5637A80D2AD5DD72000586DF /* Build configuration list for PBXProject "WalkyCam" */ = {
			isa = XCConfigurationList;
			buildConfigurations = (
				5637A8342AD5DD74000586DF /* Debug */,
				5637A8352AD5DD74000586DF /* Release */,
			);
			defaultConfigurationIsVisible = 0;
			defaultConfigurationName = Release;
		};
		5637A8362AD5DD74000586DF /* Build configuration list for PBXNativeTarget "WalkyCam" */ = {
			isa = XCConfigurationList;
			buildConfigurations = (
				5637A8372AD5DD74000586DF /* Debug */,
				5637A8382AD5DD74000586DF /* Release */,
			);
			defaultConfigurationIsVisible = 0;
			defaultConfigurationName = Release;
		};
		5637A8392AD5DD74000586DF /* Build configuration list for PBXNativeTarget "WalkyCamTests" */ = {
			isa = XCConfigurationList;
			buildConfigurations = (
				5637A83A2AD5DD74000586DF /* Debug */,
				5637A83B2AD5DD74000586DF /* Release */,
			);
			defaultConfigurationIsVisible = 0;
			defaultConfigurationName = Release;
		};
		5637A83C2AD5DD74000586DF /* Build configuration list for PBXNativeTarget "WalkyCamUITests" */ = {
			isa = XCConfigurationList;
			buildConfigurations = (
				5637A83D2AD5DD74000586DF /* Debug */,
				5637A83E2AD5DD74000586DF /* Release */,
			);
			defaultConfigurationIsVisible = 0;
			defaultConfigurationName = Release;
		};
/* End XCConfigurationList section */
	};
	rootObject = 5637A80A2AD5DD72000586DF /* Project object */;
}
