PODS:
  - DJI-SDK-iOS (4.16.2)
  - DJI-UXSDK-iOS (4.16.2)
  - DJIWidget (1.6.8)
  - Giphy (2.1.20):
    - libwebp
  - JitsiMeetSDK (8.6.1):
    - Giphy (= 2.1.20)
    - JitsiWebRTC (~> 111.0)
  - JitsiWebRTC (111.0.2)
  - libwebp (1.3.2):
    - libwebp/demux (= 1.3.2)
    - libwebp/mux (= 1.3.2)
    - libwebp/sharpyuv (= 1.3.2)
    - libwebp/webp (= 1.3.2)
  - libwebp/demux (1.3.2):
    - libwebp/webp
  - libwebp/mux (1.3.2):
    - libwebp/demux
  - libwebp/sharpyuv (1.3.2)
  - libwebp/webp (1.3.2):
    - libwebp/sharpyuv
  - MapboxCommon (24.1.0)
  - MapboxCoreMaps (11.1.0):
    - MapboxCommon (~> 24.1)
  - MapboxMaps (11.1.0):
    - MapboxCommon (= 24.1.0)
    - MapboxCoreMaps (= 11.1.0)
    - Turf (= 2.7.0)
  - Turf (2.7.0)

DEPENDENCIES:
  - DJI-SDK-iOS (~> 4.13)
  - DJI-UXSDK-iOS (~> 4.13)
  - DJIWidget (~> 1.6.3)
  - JitsiMeetSDK
  - MapboxMaps (= 11.1.0)

SPEC REPOS:
  trunk:
    - DJI-SDK-iOS
    - DJI-UXSDK-iOS
    - DJIWidget
    - Giphy
    - JitsiMeetSDK
    - JitsiWebRTC
    - libwebp
    - MapboxCommon
    - MapboxCoreMaps
    - MapboxMaps
    - Turf

SPEC CHECKSUMS:
  DJI-SDK-iOS: 44308a021c3b95a912be52c4e7a8e0a27e5434f5
  DJI-UXSDK-iOS: 8a9db4bda9fcc38ccf9861fb7d7ba30d44c7791c
  DJIWidget: 9d92abb52888cd6296717c93feacd8a703bf678a
  Giphy: b6d5087521d251bb8c99cdc0eb07bbdf86d142d5
  JitsiMeetSDK: 1359af17913cf9fe2ef2437dd73b5372b5509833
  JitsiWebRTC: 80f62908fcf2a1160e0d14b584323fb6e6be630b
  libwebp: 1786c9f4ff8a279e4dac1e8f385004d5fc253009
  MapboxCommon: b84c1cf2d76899e598e2495639e52ebbe2088eac
  MapboxCoreMaps: eebe37ab62f99bf09436099850646c6b6450615d
  MapboxMaps: a1ce80599606b43d136814cdb8a869acb776e4a9
  Turf: 13d1a92d969ca0311bbc26e8356cca178ce95da2

PODFILE CHECKSUM: f744abc1ed135da11f3cf4ecb7df9adb12d1a5fe

COCOAPODS: 1.14.3
